
Microsoft Visual Studio Solution File, Format Version 12.00
# Visual Studio Version 16
VisualStudioVersion = 16.0.30907.101
MinimumVisualStudioVersion = 10.0.40219.1
Project("{9A19103F-16F7-4668-BE54-9A1E7A4F7556}") = "UnitTestExampleProgramme", "UnitTestExampleProgramme\UnitTestExampleProgramme.csproj", "{4CB54BCA-C6AF-4B0E-A58C-EA8DF3991DC1}"
EndProject
Project("{FAE04EC0-301F-11D3-BF4B-00C04F79EFBC}") = "UnitTestExampleTests", "UnitTestExampleTests\UnitTestExampleTests.csproj", "{A5D1B4A4-9651-440D-BE8D-0C5F4F0D5108}"
EndProject
Global
	GlobalSection(SolutionConfigurationPlatforms) = preSolution
		Debug|Any CPU = Debug|Any CPU
		Release|Any CPU = Release|Any CPU
	EndGlobalSection
	GlobalSection(ProjectConfigurationPlatforms) = postSolution
		{4CB54BCA-C6AF-4B0E-A58C-EA8DF3991DC1}.Debug|Any CPU.ActiveCfg = Debug|Any CPU
		{4CB54BCA-C6AF-4B0E-A58C-EA8DF3991DC1}.Debug|Any CPU.Build.0 = Debug|Any CPU
		{4CB54BCA-C6AF-4B0E-A58C-EA8DF3991DC1}.Release|Any CPU.ActiveCfg = Release|Any CPU
		{4CB54BCA-C6AF-4B0E-A58C-EA8DF3991DC1}.Release|Any CPU.Build.0 = Release|Any CPU
		{A5D1B4A4-9651-440D-BE8D-0C5F4F0D5108}.Debug|Any CPU.ActiveCfg = Debug|Any CPU
		{A5D1B4A4-9651-440D-BE8D-0C5F4F0D5108}.Debug|Any CPU.Build.0 = Debug|Any CPU
		{A5D1B4A4-9651-440D-BE8D-0C5F4F0D5108}.Release|Any CPU.ActiveCfg = Release|Any CPU
		{A5D1B4A4-9651-440D-BE8D-0C5F4F0D5108}.Release|Any CPU.Build.0 = Release|Any CPU
	EndGlobalSection
	GlobalSection(SolutionProperties) = preSolution
		HideSolutionNode = FALSE
	EndGlobalSection
	GlobalSection(ExtensibilityGlobals) = postSolution
		SolutionGuid = {99657597-EF3E-440B-8B46-D994CDD3864A}
	EndGlobalSection
EndGlobal
